{
  "nodes": {
    "flake-compat": {
      "flake": false,
      "locked": {
        "lastModified": 1696426674,
        "narHash": "sha256-kvjfFW7WAETZlt09AgDn1MrtKzP7t90Vf7vypd3OL1U=",
        "owner": "edolstra",
        "repo": "flake-compat",
        "rev": "0f9255e01c2351cc7d116c072cb317785dd33b33",
        "type": "github"
      },
      "original": {
        "owner": "edolstra",
        "repo": "flake-compat",
        "type": "github"
      }
    },
    "flake-utils": {
      "inputs": {
        "systems": "systems"
      },
      "locked": {
        "lastModified": 1710146030,
        "narHash": "sha256-SZ5L6eA7HJ/nmkzGG7/ISclqe6oZdOZTNoesiInkXPQ=",
        "owner": "numtide",
        "repo": "flake-utils",
        "rev": "b1d9ab70662946ef0850d488da1c9019f3a9752a",
        "type": "github"
      },
      "original": {
        "owner": "numtide",
        "repo": "flake-utils",
        "type": "github"
      }
    },
    "flake-utils_2": {
      "inputs": {
        "systems": "systems_2"
      },
      "locked": {
        "lastModified": 1681202837,
        "narHash": "sha256-H+Rh19JDwRtpVPAWp64F+rlEtxUWBAQW28eAi3SRSzg=",
        "owner": "numtide",
        "repo": "flake-utils",
        "rev": "cfacdce06f30d2b68473a46042957675eebb3401",
        "type": "github"
      },
      "original": {
        "owner": "numtide",
        "repo": "flake-utils",
        "type": "github"
      }
    },
    "home-manager": {
      "inputs": {
        "nixpkgs": [
          "nixpkgs"
        ]
      },
      "locked": {
        "lastModified": 1720042825,
        "narHash": "sha256-A0vrUB6x82/jvf17qPCpxaM+ulJnD8YZwH9Ci0BsAzE=",
        "owner": "nix-community",
        "repo": "home-manager",
        "rev": "e1391fb22e18a36f57e6999c7a9f966dc80ac073",
        "type": "github"
      },
      "original": {
        "owner": "nix-community",
        "ref": "release-24.05",
        "repo": "home-manager",
        "type": "github"
      }
    },
    "nix-5g": {
      "inputs": {
        "nixpkgs": [
          "nixpkgs"
        ]
      },
      "locked": {
        "lastModified": 1719401839,
        "narHash": "sha256-qSSMlBODFqxuyAxBMRmwO5QGLICou/8MbmunzZ9gmE8=",
        "owner": "ottoblep",
        "repo": "nix-5g-frameworks",
        "rev": "601ce53b5d327f41533ce8b61763251ef003c838",
        "type": "github"
      },
      "original": {
        "owner": "ottoblep",
        "repo": "nix-5g-frameworks",
        "type": "github"
      }
    },
    "nixos-hardware": {
      "locked": {
        "lastModified": 1721413321,
        "narHash": "sha256-0GdiQScDceUrVGbxYpV819LHesK3szHOhJ09e6sgES4=",
        "owner": "NixOS",
        "repo": "nixos-hardware",
        "rev": "ab165a8a6cd12781d76fe9cbccb9e975d0fb634f",
        "type": "github"
      },
      "original": {
        "owner": "NixOS",
        "ref": "master",
        "repo": "nixos-hardware",
        "type": "github"
      }
    },
    "nixos-wsl": {
      "inputs": {
        "flake-compat": "flake-compat",
        "flake-utils": "flake-utils",
        "nixpkgs": [
          "nixpkgs"
        ]
      },
      "locked": {
        "lastModified": 1721226275,
        "narHash": "sha256-fwTSeMR1senkBPaKQyOkbkmFu3+8jj3UHoLZ3TcrOfw=",
        "owner": "nix-community",
        "repo": "NixOS-WSL",
        "rev": "8ebede998342477736e0d0acdcc13ddb166a335f",
        "type": "github"
      },
      "original": {
        "owner": "nix-community",
        "repo": "NixOS-WSL",
        "type": "github"
      }
    },
    "nixpkgs": {
      "locked": {
        "lastModified": 1721226092,
        "narHash": "sha256-UBvzVpo5sXSi2S/Av+t+Q+C2mhMIw/LBEZR+d6NMjws=",
        "owner": "NixOS",
        "repo": "nixpkgs",
        "rev": "c716603a63aca44f39bef1986c13402167450e0a",
        "type": "github"
      },
      "original": {
        "owner": "NixOS",
        "ref": "nixos-24.05",
        "repo": "nixpkgs",
        "type": "github"
      }
    },
    "nixpkgs-unstable": {
      "locked": {
        "lastModified": 1721138476,
        "narHash": "sha256-+W5eZOhhemLQxelojLxETfbFbc19NWawsXBlapYpqIA=",
        "owner": "NixOS",
        "repo": "nixpkgs",
        "rev": "ad0b5eed1b6031efaed382844806550c3dcb4206",
        "type": "github"
      },
      "original": {
        "owner": "NixOS",
        "ref": "nixos-unstable",
        "repo": "nixpkgs",
        "type": "github"
      }
    },
    "root": {
      "inputs": {
        "home-manager": "home-manager",
        "nix-5g": "nix-5g",
        "nixos-hardware": "nixos-hardware",
        "nixos-wsl": "nixos-wsl",
        "nixpkgs": "nixpkgs",
        "nixpkgs-unstable": "nixpkgs-unstable",
        "vscode-server": "vscode-server"
      }
    },
    "systems": {
      "locked": {
        "lastModified": 1681028828,
        "narHash": "sha256-Vy1rq5AaRuLzOxct8nz4T6wlgyUR7zLU309k9mBC768=",
        "owner": "nix-systems",
        "repo": "default",
        "rev": "da67096a3b9bf56a91d16901293e51ba5b49a27e",
        "type": "github"
      },
      "original": {
        "owner": "nix-systems",
        "repo": "default",
        "type": "github"
      }
    },
    "systems_2": {
      "locked": {
        "lastModified": 1681028828,
        "narHash": "sha256-Vy1rq5AaRuLzOxct8nz4T6wlgyUR7zLU309k9mBC768=",
        "owner": "nix-systems",
        "repo": "default",
        "rev": "da67096a3b9bf56a91d16901293e51ba5b49a27e",
        "type": "github"
      },
      "original": {
        "owner": "nix-systems",
        "repo": "default",
        "type": "github"
      }
    },
    "vscode-server": {
      "inputs": {
        "flake-utils": "flake-utils_2",
        "nixpkgs": [
          "nixpkgs"
        ]
      },
      "locked": {
        "lastModified": 1713958148,
        "narHash": "sha256-8PDNi/dgoI2kyM7uSiU4eoLBqUKoA+3TXuz+VWmuCOc=",
        "owner": "nix-community",
        "repo": "nixos-vscode-server",
        "rev": "fc900c16efc6a5ed972fb6be87df018bcf3035bc",
        "type": "github"
      },
      "original": {
        "owner": "nix-community",
        "repo": "nixos-vscode-server",
        "type": "github"
      }
    }
  },
  "root": "root",
  "version": 7
}
